
Microsoft Visual Studio Solution File, Format Version 12.00
# Visual Studio Version 17
VisualStudioVersion = 17.2.32519.379
MinimumVisualStudioVersion = 10.0.40219.1
Project("{FAE04EC0-301F-11D3-BF4B-00C04F79EFBC}") = "BotDeEnviarMensagens", "BotDeEnviarMensagens\BotDeEnviarMensagens.csproj", "{9AAF041F-95B3-4E05-BC72-5BB02A502E48}"
EndProject
Global
	GlobalSection(SolutionConfigurationPlatforms) = preSolution
		Debug|Any CPU = Debug|Any CPU
		Release|Any CPU = Release|Any CPU
	EndGlobalSection
	GlobalSection(ProjectConfigurationPlatforms) = postSolution
		{9AAF041F-95B3-4E05-BC72-5BB02A502E48}.Debug|Any CPU.ActiveCfg = Debug|Any CPU
		{9AAF041F-95B3-4E05-BC72-5BB02A502E48}.Debug|Any CPU.Build.0 = Debug|Any CPU
		{9AAF041F-95B3-4E05-BC72-5BB02A502E48}.Release|Any CPU.ActiveCfg = Release|Any CPU
		{9AAF041F-95B3-4E05-BC72-5BB02A502E48}.Release|Any CPU.Build.0 = Release|Any CPU
	EndGlobalSection
	GlobalSection(SolutionProperties) = preSolution
		HideSolutionNode = FALSE
	EndGlobalSection
	GlobalSection(ExtensibilityGlobals) = postSolution
		SolutionGuid = {56BEBF95-A1BC-4650-ADBA-1F89F469B3AD}
	EndGlobalSection
EndGlobal
